{
  "name": "ajv-bsontype-coerce",
  "version": "1.0.4",
  "lockfileVersion": 1,
  "requires": true,
  "dependencies": {
    "ajv-bsontype": {
      "version": "1.0.4",
      "resolved": "https://registry.npmjs.org/ajv-bsontype/-/ajv-bsontype-1.0.4.tgz",
      "integrity": "sha512-qJQQw7zdH+z/53Q6dyw+Tr01h8oTPU0zJIhsWcgWK1PL7tHbNYQHgQ4V36O4GR7rmIApVFRdE4+3xw/JVHIPmQ=="
    },
    "bson": {
      "version": "3.0.2",
      "resolved": "https://registry.npmjs.org/bson/-/bson-3.0.2.tgz",
      "integrity": "sha512-HrDzr7y/ZkgyEVancPVDmfbaD8j81GzSNr6h6yUd/yZfavkrlrqI8aUZMCHrhyMoCW2/I+vEJDat1xDWRwVR6A=="
    },
    "lodash": {
      "version": "4.17.10",
      "resolved": "https://registry.npmjs.org/lodash/-/lodash-4.17.10.tgz",
      "integrity": "sha512-UejweD1pDoXu+AD825lWwp4ZGtSwgnpZxb3JDViD7StjQz+Nb/6l093lx4OQ0foGWNRoc19mWy7BzL+UAK2iVg=="
    }
  }
}
